
Microsoft Visual Studio Solution File, Format Version 12.00
# Visual Studio Version 17
VisualStudioVersion = 17.13.35931.197 d17.13
MinimumVisualStudioVersion = 10.0.40219.1
Project("{FAE04EC0-301F-11D3-BF4B-00C04F79EFBC}") = "TheTachkuNaProkachkuConctrat", "TheTachkuNaProkachkuConctrat\TheTachkuNaProkachkuConctrat.csproj", "{1168EAA7-21E5-4FBA-BC64-88FD3EEAFD68}"
EndProject
Project("{FAE04EC0-301F-11D3-BF4B-00C04F79EFBC}") = "TheTachkuNaProkachkuTests", "TheTachkuNaProkachkuTests\TheTachkuNaProkachkuTests.csproj", "{7FE50B4B-536C-436A-BE4F-F7B4172BBB88}"
EndProject
Project("{FAE04EC0-301F-11D3-BF4B-00C04F79EFBC}") = "TheTachkuNaProkachkuBusinessLogic", "TheTachkuNaProkachkuBusinessLogic\TheTachkuNaProkachkuBusinessLogic.csproj", "{1A4887C2-5828-4FEF-BA87-54F5CC4D4953}"
EndProject
Global
	GlobalSection(SolutionConfigurationPlatforms) = preSolution
		Debug|Any CPU = Debug|Any CPU
		Release|Any CPU = Release|Any CPU
	EndGlobalSection
	GlobalSection(ProjectConfigurationPlatforms) = postSolution
		{1168EAA7-21E5-4FBA-BC64-88FD3EEAFD68}.Debug|Any CPU.ActiveCfg = Debug|Any CPU
		{1168EAA7-21E5-4FBA-BC64-88FD3EEAFD68}.Debug|Any CPU.Build.0 = Debug|Any CPU
		{1168EAA7-21E5-4FBA-BC64-88FD3EEAFD68}.Release|Any CPU.ActiveCfg = Release|Any CPU
		{1168EAA7-21E5-4FBA-BC64-88FD3EEAFD68}.Release|Any CPU.Build.0 = Release|Any CPU
		{7FE50B4B-536C-436A-BE4F-F7B4172BBB88}.Debug|Any CPU.ActiveCfg = Debug|Any CPU
		{7FE50B4B-536C-436A-BE4F-F7B4172BBB88}.Debug|Any CPU.Build.0 = Debug|Any CPU
		{7FE50B4B-536C-436A-BE4F-F7B4172BBB88}.Release|Any CPU.ActiveCfg = Release|Any CPU
		{7FE50B4B-536C-436A-BE4F-F7B4172BBB88}.Release|Any CPU.Build.0 = Release|Any CPU
		{1A4887C2-5828-4FEF-BA87-54F5CC4D4953}.Debug|Any CPU.ActiveCfg = Debug|Any CPU
		{1A4887C2-5828-4FEF-BA87-54F5CC4D4953}.Debug|Any CPU.Build.0 = Debug|Any CPU
		{1A4887C2-5828-4FEF-BA87-54F5CC4D4953}.Release|Any CPU.ActiveCfg = Release|Any CPU
		{1A4887C2-5828-4FEF-BA87-54F5CC4D4953}.Release|Any CPU.Build.0 = Release|Any CPU
	EndGlobalSection
	GlobalSection(SolutionProperties) = preSolution
		HideSolutionNode = FALSE
	EndGlobalSection
	GlobalSection(ExtensibilityGlobals) = postSolution
		SolutionGuid = {CFF6B452-66DA-46C3-BEE2-FBC617BBBE64}
	EndGlobalSection
EndGlobal
